{
  "requires": true,
  "lockfileVersion": 1,
  "dependencies": {
    "apexcharts": {
      "version": "3.15.1",
      "resolved": "https://registry.npm.taobao.org/apexcharts/download/apexcharts-3.15.1.tgz",
      "integrity": "sha1-NXB6jBHMdfahuNc4M5fslHiOmBA=",
      "requires": {
        "svg.draggable.js": "^2.2.2",
        "svg.easing.js": "^2.0.0",
        "svg.filter.js": "^2.0.2",
        "svg.pathmorphing.js": "^0.1.3",
        "svg.resize.js": "^1.4.3",
        "svg.select.js": "^2.1.2"
      }
    },
    "svg.draggable.js": {
      "version": "2.2.2",
      "resolved": "https://registry.npm.taobao.org/svg.draggable.js/download/svg.draggable.js-2.2.2.tgz",
      "integrity": "sha1-xRSi8UBe+28CY+eVj1to/OUGA7o=",
      "requires": {
        "svg.js": "^2.0.1"
      }
    },
    "svg.easing.js": {
      "version": "2.0.0",
      "resolved": "https://registry.npm.taobao.org/svg.easing.js/download/svg.easing.js-2.0.0.tgz",
      "integrity": "sha1-iqmUawqOJ4V6XEChDrpAkeVpHxI=",
      "requires": {
        "svg.js": ">=2.3.x"
      }
    },
    "svg.filter.js": {
      "version": "2.0.2",
      "resolved": "https://registry.npm.taobao.org/svg.filter.js/download/svg.filter.js-2.0.2.tgz",
      "integrity": "sha1-kQCOFROJ3ZIwd5/L5uLJo2LRwgM=",
      "requires": {
        "svg.js": "^2.2.5"
      }
    },
    "svg.js": {
      "version": "2.7.1",
      "resolved": "https://registry.npm.taobao.org/svg.js/download/svg.js-2.7.1.tgz",
      "integrity": "sha1-65d+1HNwAeq4WZSbSjmO4bt5lI0="
    },
    "svg.pathmorphing.js": {
      "version": "0.1.3",
      "resolved": "https://registry.npm.taobao.org/svg.pathmorphing.js/download/svg.pathmorphing.js-0.1.3.tgz",
      "integrity": "sha1-wlcYocx8NuhS7KvDgOdYrAm7K2U=",
      "requires": {
        "svg.js": "^2.4.0"
      }
    },
    "svg.resize.js": {
      "version": "1.4.3",
      "resolved": "https://registry.npm.taobao.org/svg.resize.js/download/svg.resize.js-1.4.3.tgz",
      "integrity": "sha1-iFq9JI4M0gWza5c8S1eLmjbyMzI=",
      "requires": {
        "svg.js": "^2.6.5",
        "svg.select.js": "^2.1.2"
      }
    },
    "svg.select.js": {
      "version": "2.1.2",
      "resolved": "https://registry.npm.taobao.org/svg.select.js/download/svg.select.js-2.1.2.tgz",
      "integrity": "sha1-5BzhOxrP9Dp0Qfn4voeiMZyHvnM=",
      "requires": {
        "svg.js": "^2.2.5"
      }
    },
    "vue-apexcharts": {
      "version": "1.5.2",
      "resolved": "https://registry.npm.taobao.org/vue-apexcharts/download/vue-apexcharts-1.5.2.tgz",
      "integrity": "sha1-0fVbiJcYqp4cdT4mfIy1kFX/ifM="
    }
  }
}
